
Microsoft Visual Studio Solution File, Format Version 12.00
# Visual Studio Version 17
VisualStudioVersion = 17.0.31903.59
MinimumVisualStudioVersion = 10.0.40219.1
Project("{FAE04EC0-301F-11D3-BF4B-00C04F79EFBC}") = "Domain", "Domain\Domain.csproj", "{254F6BCC-DF7F-4CEC-8520-48C742662579}"
EndProject
Project("{FAE04EC0-301F-11D3-BF4B-00C04F79EFBC}") = "Application", "Application\Application.csproj", "{BB78A196-812D-4E8D-A39E-890676B181D6}"
EndProject
Project("{FAE04EC0-301F-11D3-BF4B-00C04F79EFBC}") = "Infrastructure", "Infrastructure\Infrastructure.csproj", "{2C6D04BE-0508-44D7-B2CB-74B07FEA5C98}"
EndProject
Project("{FAE04EC0-301F-11D3-BF4B-00C04F79EFBC}") = "Api", "Api\Api.csproj", "{4BF1C0B8-EAA1-4241-A0DB-7A79729054CC}"
EndProject
Global
	GlobalSection(SolutionConfigurationPlatforms) = preSolution
		Debug|Any CPU = Debug|Any CPU
		Debug|x64 = Debug|x64
		Debug|x86 = Debug|x86
		Release|Any CPU = Release|Any CPU
		Release|x64 = Release|x64
		Release|x86 = Release|x86
	EndGlobalSection
	GlobalSection(ProjectConfigurationPlatforms) = postSolution
		{254F6BCC-DF7F-4CEC-8520-48C742662579}.Debug|Any CPU.ActiveCfg = Debug|Any CPU
		{254F6BCC-DF7F-4CEC-8520-48C742662579}.Debug|Any CPU.Build.0 = Debug|Any CPU
		{254F6BCC-DF7F-4CEC-8520-48C742662579}.Debug|x64.ActiveCfg = Debug|Any CPU
		{254F6BCC-DF7F-4CEC-8520-48C742662579}.Debug|x64.Build.0 = Debug|Any CPU
		{254F6BCC-DF7F-4CEC-8520-48C742662579}.Debug|x86.ActiveCfg = Debug|Any CPU
		{254F6BCC-DF7F-4CEC-8520-48C742662579}.Debug|x86.Build.0 = Debug|Any CPU
		{254F6BCC-DF7F-4CEC-8520-48C742662579}.Release|Any CPU.ActiveCfg = Release|Any CPU
		{254F6BCC-DF7F-4CEC-8520-48C742662579}.Release|Any CPU.Build.0 = Release|Any CPU
		{254F6BCC-DF7F-4CEC-8520-48C742662579}.Release|x64.ActiveCfg = Release|Any CPU
		{254F6BCC-DF7F-4CEC-8520-48C742662579}.Release|x64.Build.0 = Release|Any CPU
		{254F6BCC-DF7F-4CEC-8520-48C742662579}.Release|x86.ActiveCfg = Release|Any CPU
		{254F6BCC-DF7F-4CEC-8520-48C742662579}.Release|x86.Build.0 = Release|Any CPU
		{BB78A196-812D-4E8D-A39E-890676B181D6}.Debug|Any CPU.ActiveCfg = Debug|Any CPU
		{BB78A196-812D-4E8D-A39E-890676B181D6}.Debug|Any CPU.Build.0 = Debug|Any CPU
		{BB78A196-812D-4E8D-A39E-890676B181D6}.Debug|x64.ActiveCfg = Debug|Any CPU
		{BB78A196-812D-4E8D-A39E-890676B181D6}.Debug|x64.Build.0 = Debug|Any CPU
		{BB78A196-812D-4E8D-A39E-890676B181D6}.Debug|x86.ActiveCfg = Debug|Any CPU
		{BB78A196-812D-4E8D-A39E-890676B181D6}.Debug|x86.Build.0 = Debug|Any CPU
		{BB78A196-812D-4E8D-A39E-890676B181D6}.Release|Any CPU.ActiveCfg = Release|Any CPU
		{BB78A196-812D-4E8D-A39E-890676B181D6}.Release|Any CPU.Build.0 = Release|Any CPU
		{BB78A196-812D-4E8D-A39E-890676B181D6}.Release|x64.ActiveCfg = Release|Any CPU
		{BB78A196-812D-4E8D-A39E-890676B181D6}.Release|x64.Build.0 = Release|Any CPU
		{BB78A196-812D-4E8D-A39E-890676B181D6}.Release|x86.ActiveCfg = Release|Any CPU
		{BB78A196-812D-4E8D-A39E-890676B181D6}.Release|x86.Build.0 = Release|Any CPU
		{2C6D04BE-0508-44D7-B2CB-74B07FEA5C98}.Debug|Any CPU.ActiveCfg = Debug|Any CPU
		{2C6D04BE-0508-44D7-B2CB-74B07FEA5C98}.Debug|Any CPU.Build.0 = Debug|Any CPU
		{2C6D04BE-0508-44D7-B2CB-74B07FEA5C98}.Debug|x64.ActiveCfg = Debug|Any CPU
		{2C6D04BE-0508-44D7-B2CB-74B07FEA5C98}.Debug|x64.Build.0 = Debug|Any CPU
		{2C6D04BE-0508-44D7-B2CB-74B07FEA5C98}.Debug|x86.ActiveCfg = Debug|Any CPU
		{2C6D04BE-0508-44D7-B2CB-74B07FEA5C98}.Debug|x86.Build.0 = Debug|Any CPU
		{2C6D04BE-0508-44D7-B2CB-74B07FEA5C98}.Release|Any CPU.ActiveCfg = Release|Any CPU
		{2C6D04BE-0508-44D7-B2CB-74B07FEA5C98}.Release|Any CPU.Build.0 = Release|Any CPU
		{2C6D04BE-0508-44D7-B2CB-74B07FEA5C98}.Release|x64.ActiveCfg = Release|Any CPU
		{2C6D04BE-0508-44D7-B2CB-74B07FEA5C98}.Release|x64.Build.0 = Release|Any CPU
		{2C6D04BE-0508-44D7-B2CB-74B07FEA5C98}.Release|x86.ActiveCfg = Release|Any CPU
		{2C6D04BE-0508-44D7-B2CB-74B07FEA5C98}.Release|x86.Build.0 = Release|Any CPU
		{4BF1C0B8-EAA1-4241-A0DB-7A79729054CC}.Debug|Any CPU.ActiveCfg = Debug|Any CPU
		{4BF1C0B8-EAA1-4241-A0DB-7A79729054CC}.Debug|Any CPU.Build.0 = Debug|Any CPU
		{4BF1C0B8-EAA1-4241-A0DB-7A79729054CC}.Debug|x64.ActiveCfg = Debug|Any CPU
		{4BF1C0B8-EAA1-4241-A0DB-7A79729054CC}.Debug|x64.Build.0 = Debug|Any CPU
		{4BF1C0B8-EAA1-4241-A0DB-7A79729054CC}.Debug|x86.ActiveCfg = Debug|Any CPU
		{4BF1C0B8-EAA1-4241-A0DB-7A79729054CC}.Debug|x86.Build.0 = Debug|Any CPU
		{4BF1C0B8-EAA1-4241-A0DB-7A79729054CC}.Release|Any CPU.ActiveCfg = Release|Any CPU
		{4BF1C0B8-EAA1-4241-A0DB-7A79729054CC}.Release|Any CPU.Build.0 = Release|Any CPU
		{4BF1C0B8-EAA1-4241-A0DB-7A79729054CC}.Release|x64.ActiveCfg = Release|Any CPU
		{4BF1C0B8-EAA1-4241-A0DB-7A79729054CC}.Release|x64.Build.0 = Release|Any CPU
		{4BF1C0B8-EAA1-4241-A0DB-7A79729054CC}.Release|x86.ActiveCfg = Release|Any CPU
		{4BF1C0B8-EAA1-4241-A0DB-7A79729054CC}.Release|x86.Build.0 = Release|Any CPU
	EndGlobalSection
	GlobalSection(SolutionProperties) = preSolution
		HideSolutionNode = FALSE
	EndGlobalSection
EndGlobal
